{
    "name": "svg-packages-stats-demo",
    "version": "1.0.0",
    "lockfileVersion": 3,
    "requires": true,
    "packages": {
        "": {
            "name": "svg-packages-stats-demo",
            "version": "1.0.0",
            "license": "MIT",
            "dependencies": {
                "svg-packages-stats": "^1.0.1"
            }
        },
        "node_modules/svg-packages-stats": {
            "version": "1.0.1",
            "resolved": "https://registry.npmjs.org/svg-packages-stats/-/svg-packages-stats-1.0.1.tgz",
            "integrity": "sha512-qA7HO6Jk5zC7wI/mwcJRbLIgsDJU9m92xufAXeMH3649aELgzMsWRyPmUgZotalDuu4OJyjTjYHweAJeI+zkSw==",
            "license": "MIT"
        }
    }
}
