{
    "name": "svg-packages-stats-demo",
    "version": "1.0.0",
    "lockfileVersion": 3,
    "requires": true,
    "packages": {
        "": {
            "name": "svg-packages-stats-demo",
            "version": "1.0.0",
            "license": "MIT",
            "dependencies": {
                "svg-packages-stats": "^1.0.2"
            }
        },
        "node_modules/svg-packages-stats": {
            "version": "1.0.2",
            "resolved": "https://registry.npmjs.org/svg-packages-stats/-/svg-packages-stats-1.0.2.tgz",
            "integrity": "sha512-IkX+uybpemTPy0BM/raVmanQ8nShHxgFn3yu1pIk2XRPyultYl23PbFuq8uezYj4FMGrrKKOqXSbTtKzbsuDYQ==",
            "license": "MIT"
        }
    }
}
